
Microsoft Visual Studio Solution File, Format Version 12.00
# Visual Studio Version 16
VisualStudioVersion = 16.0.29319.158
MinimumVisualStudioVersion = 10.0.40219.1
Project("{9A19103F-16F7-4668-BE54-9A1E7A4F7556}") = "MyPet.Common", "MyPet.Common\MyPet.Common.csproj", "{CDFC5497-75D4-4E2E-B83C-701958764BA4}"
EndProject
Project("{9A19103F-16F7-4668-BE54-9A1E7A4F7556}") = "MyPet.Web", "MyPet.Web\MyPet.Web.csproj", "{E3EEE3A1-A7FF-4D2A-AE81-1ABA42154205}"
EndProject
Project("{FAE04EC0-301F-11D3-BF4B-00C04F79EFBC}") = "MyPet.Prism", "MyPet.Prism\MyPet.Prism\MyPet.Prism.csproj", "{2B20450D-B580-4357-A353-9E96BEC33BE6}"
EndProject
Project("{FAE04EC0-301F-11D3-BF4B-00C04F79EFBC}") = "MyPet.Prism.Android", "MyPet.Prism\MyPet.Prism.Android\MyPet.Prism.Android.csproj", "{FE27C000-633B-449F-9868-4F9ECA1DBA9B}"
EndProject
Project("{FAE04EC0-301F-11D3-BF4B-00C04F79EFBC}") = "MyPet.Prism.iOS", "MyPet.Prism\MyPet.Prism.iOS\MyPet.Prism.iOS.csproj", "{792CAE95-F47E-40ED-BCAB-3D9A35D0BA10}"
EndProject
Global
	GlobalSection(SolutionConfigurationPlatforms) = preSolution
		Ad-Hoc|Any CPU = Ad-Hoc|Any CPU
		Ad-Hoc|iPhone = Ad-Hoc|iPhone
		Ad-Hoc|iPhoneSimulator = Ad-Hoc|iPhoneSimulator
		AppStore|Any CPU = AppStore|Any CPU
		AppStore|iPhone = AppStore|iPhone
		AppStore|iPhoneSimulator = AppStore|iPhoneSimulator
		Debug|Any CPU = Debug|Any CPU
		Debug|iPhone = Debug|iPhone
		Debug|iPhoneSimulator = Debug|iPhoneSimulator
		Release|Any CPU = Release|Any CPU
		Release|iPhone = Release|iPhone
		Release|iPhoneSimulator = Release|iPhoneSimulator
	EndGlobalSection
	GlobalSection(ProjectConfigurationPlatforms) = postSolution
		{CDFC5497-75D4-4E2E-B83C-701958764BA4}.Ad-Hoc|Any CPU.ActiveCfg = Release|Any CPU
		{CDFC5497-75D4-4E2E-B83C-701958764BA4}.Ad-Hoc|Any CPU.Build.0 = Release|Any CPU
		{CDFC5497-75D4-4E2E-B83C-701958764BA4}.Ad-Hoc|iPhone.ActiveCfg = Release|Any CPU
		{CDFC5497-75D4-4E2E-B83C-701958764BA4}.Ad-Hoc|iPhone.Build.0 = Release|Any CPU
		{CDFC5497-75D4-4E2E-B83C-701958764BA4}.Ad-Hoc|iPhoneSimulator.ActiveCfg = Release|Any CPU
		{CDFC5497-75D4-4E2E-B83C-701958764BA4}.Ad-Hoc|iPhoneSimulator.Build.0 = Release|Any CPU
		{CDFC5497-75D4-4E2E-B83C-701958764BA4}.AppStore|Any CPU.ActiveCfg = Release|Any CPU
		{CDFC5497-75D4-4E2E-B83C-701958764BA4}.AppStore|Any CPU.Build.0 = Release|Any CPU
		{CDFC5497-75D4-4E2E-B83C-701958764BA4}.AppStore|iPhone.ActiveCfg = Release|Any CPU
		{CDFC5497-75D4-4E2E-B83C-701958764BA4}.AppStore|iPhone.Build.0 = Release|Any CPU
		{CDFC5497-75D4-4E2E-B83C-701958764BA4}.AppStore|iPhoneSimulator.ActiveCfg = Release|Any CPU
		{CDFC5497-75D4-4E2E-B83C-701958764BA4}.AppStore|iPhoneSimulator.Build.0 = Release|Any CPU
		{CDFC5497-75D4-4E2E-B83C-701958764BA4}.Debug|Any CPU.ActiveCfg = Debug|Any CPU
		{CDFC5497-75D4-4E2E-B83C-701958764BA4}.Debug|Any CPU.Build.0 = Debug|Any CPU
		{CDFC5497-75D4-4E2E-B83C-701958764BA4}.Debug|iPhone.ActiveCfg = Debug|Any CPU
		{CDFC5497-75D4-4E2E-B83C-701958764BA4}.Debug|iPhone.Build.0 = Debug|Any CPU
		{CDFC5497-75D4-4E2E-B83C-701958764BA4}.Debug|iPhoneSimulator.ActiveCfg = Debug|Any CPU
		{CDFC5497-75D4-4E2E-B83C-701958764BA4}.Debug|iPhoneSimulator.Build.0 = Debug|Any CPU
		{CDFC5497-75D4-4E2E-B83C-701958764BA4}.Release|Any CPU.ActiveCfg = Release|Any CPU
		{CDFC5497-75D4-4E2E-B83C-701958764BA4}.Release|Any CPU.Build.0 = Release|Any CPU
		{CDFC5497-75D4-4E2E-B83C-701958764BA4}.Release|iPhone.ActiveCfg = Release|Any CPU
		{CDFC5497-75D4-4E2E-B83C-701958764BA4}.Release|iPhone.Build.0 = Release|Any CPU
		{CDFC5497-75D4-4E2E-B83C-701958764BA4}.Release|iPhoneSimulator.ActiveCfg = Release|Any CPU
		{CDFC5497-75D4-4E2E-B83C-701958764BA4}.Release|iPhoneSimulator.Build.0 = Release|Any CPU
		{E3EEE3A1-A7FF-4D2A-AE81-1ABA42154205}.Ad-Hoc|Any CPU.ActiveCfg = Release|Any CPU
		{E3EEE3A1-A7FF-4D2A-AE81-1ABA42154205}.Ad-Hoc|Any CPU.Build.0 = Release|Any CPU
		{E3EEE3A1-A7FF-4D2A-AE81-1ABA42154205}.Ad-Hoc|iPhone.ActiveCfg = Release|Any CPU
		{E3EEE3A1-A7FF-4D2A-AE81-1ABA42154205}.Ad-Hoc|iPhone.Build.0 = Release|Any CPU
		{E3EEE3A1-A7FF-4D2A-AE81-1ABA42154205}.Ad-Hoc|iPhoneSimulator.ActiveCfg = Release|Any CPU
		{E3EEE3A1-A7FF-4D2A-AE81-1ABA42154205}.Ad-Hoc|iPhoneSimulator.Build.0 = Release|Any CPU
		{E3EEE3A1-A7FF-4D2A-AE81-1ABA42154205}.AppStore|Any CPU.ActiveCfg = Release|Any CPU
		{E3EEE3A1-A7FF-4D2A-AE81-1ABA42154205}.AppStore|Any CPU.Build.0 = Release|Any CPU
		{E3EEE3A1-A7FF-4D2A-AE81-1ABA42154205}.AppStore|iPhone.ActiveCfg = Release|Any CPU
		{E3EEE3A1-A7FF-4D2A-AE81-1ABA42154205}.AppStore|iPhone.Build.0 = Release|Any CPU
		{E3EEE3A1-A7FF-4D2A-AE81-1ABA42154205}.AppStore|iPhoneSimulator.ActiveCfg = Release|Any CPU
		{E3EEE3A1-A7FF-4D2A-AE81-1ABA42154205}.AppStore|iPhoneSimulator.Build.0 = Release|Any CPU
		{E3EEE3A1-A7FF-4D2A-AE81-1ABA42154205}.Debug|Any CPU.ActiveCfg = Debug|Any CPU
		{E3EEE3A1-A7FF-4D2A-AE81-1ABA42154205}.Debug|Any CPU.Build.0 = Debug|Any CPU
		{E3EEE3A1-A7FF-4D2A-AE81-1ABA42154205}.Debug|iPhone.ActiveCfg = Debug|Any CPU
		{E3EEE3A1-A7FF-4D2A-AE81-1ABA42154205}.Debug|iPhone.Build.0 = Debug|Any CPU
		{E3EEE3A1-A7FF-4D2A-AE81-1ABA42154205}.Debug|iPhoneSimulator.ActiveCfg = Debug|Any CPU
		{E3EEE3A1-A7FF-4D2A-AE81-1ABA42154205}.Debug|iPhoneSimulator.Build.0 = Debug|Any CPU
		{E3EEE3A1-A7FF-4D2A-AE81-1ABA42154205}.Release|Any CPU.ActiveCfg = Release|Any CPU
		{E3EEE3A1-A7FF-4D2A-AE81-1ABA42154205}.Release|Any CPU.Build.0 = Release|Any CPU
		{E3EEE3A1-A7FF-4D2A-AE81-1ABA42154205}.Release|iPhone.ActiveCfg = Release|Any CPU
		{E3EEE3A1-A7FF-4D2A-AE81-1ABA42154205}.Release|iPhone.Build.0 = Release|Any CPU
		{E3EEE3A1-A7FF-4D2A-AE81-1ABA42154205}.Release|iPhoneSimulator.ActiveCfg = Release|Any CPU
		{E3EEE3A1-A7FF-4D2A-AE81-1ABA42154205}.Release|iPhoneSimulator.Build.0 = Release|Any CPU
		{2B20450D-B580-4357-A353-9E96BEC33BE6}.Ad-Hoc|Any CPU.ActiveCfg = Debug|Any CPU
		{2B20450D-B580-4357-A353-9E96BEC33BE6}.Ad-Hoc|Any CPU.Build.0 = Debug|Any CPU
		{2B20450D-B580-4357-A353-9E96BEC33BE6}.Ad-Hoc|iPhone.ActiveCfg = Debug|Any CPU
		{2B20450D-B580-4357-A353-9E96BEC33BE6}.Ad-Hoc|iPhone.Build.0 = Debug|Any CPU
		{2B20450D-B580-4357-A353-9E96BEC33BE6}.Ad-Hoc|iPhoneSimulator.ActiveCfg = Debug|Any CPU
		{2B20450D-B580-4357-A353-9E96BEC33BE6}.Ad-Hoc|iPhoneSimulator.Build.0 = Debug|Any CPU
		{2B20450D-B580-4357-A353-9E96BEC33BE6}.AppStore|Any CPU.ActiveCfg = Debug|Any CPU
		{2B20450D-B580-4357-A353-9E96BEC33BE6}.AppStore|Any CPU.Build.0 = Debug|Any CPU
		{2B20450D-B580-4357-A353-9E96BEC33BE6}.AppStore|iPhone.ActiveCfg = Debug|Any CPU
		{2B20450D-B580-4357-A353-9E96BEC33BE6}.AppStore|iPhone.Build.0 = Debug|Any CPU
		{2B20450D-B580-4357-A353-9E96BEC33BE6}.AppStore|iPhoneSimulator.ActiveCfg = Debug|Any CPU
		{2B20450D-B580-4357-A353-9E96BEC33BE6}.AppStore|iPhoneSimulator.Build.0 = Debug|Any CPU
		{2B20450D-B580-4357-A353-9E96BEC33BE6}.Debug|Any CPU.ActiveCfg = Debug|Any CPU
		{2B20450D-B580-4357-A353-9E96BEC33BE6}.Debug|Any CPU.Build.0 = Debug|Any CPU
		{2B20450D-B580-4357-A353-9E96BEC33BE6}.Debug|iPhone.ActiveCfg = Debug|Any CPU
		{2B20450D-B580-4357-A353-9E96BEC33BE6}.Debug|iPhone.Build.0 = Debug|Any CPU
		{2B20450D-B580-4357-A353-9E96BEC33BE6}.Debug|iPhoneSimulator.ActiveCfg = Debug|Any CPU
		{2B20450D-B580-4357-A353-9E96BEC33BE6}.Debug|iPhoneSimulator.Build.0 = Debug|Any CPU
		{2B20450D-B580-4357-A353-9E96BEC33BE6}.Release|Any CPU.ActiveCfg = Release|Any CPU
		{2B20450D-B580-4357-A353-9E96BEC33BE6}.Release|Any CPU.Build.0 = Release|Any CPU
		{2B20450D-B580-4357-A353-9E96BEC33BE6}.Release|iPhone.ActiveCfg = Release|Any CPU
		{2B20450D-B580-4357-A353-9E96BEC33BE6}.Release|iPhone.Build.0 = Release|Any CPU
		{2B20450D-B580-4357-A353-9E96BEC33BE6}.Release|iPhoneSimulator.ActiveCfg = Release|Any CPU
		{2B20450D-B580-4357-A353-9E96BEC33BE6}.Release|iPhoneSimulator.Build.0 = Release|Any CPU
		{FE27C000-633B-449F-9868-4F9ECA1DBA9B}.Ad-Hoc|Any CPU.ActiveCfg = Release|Any CPU
		{FE27C000-633B-449F-9868-4F9ECA1DBA9B}.Ad-Hoc|Any CPU.Build.0 = Release|Any CPU
		{FE27C000-633B-449F-9868-4F9ECA1DBA9B}.Ad-Hoc|Any CPU.Deploy.0 = Release|Any CPU
		{FE27C000-633B-449F-9868-4F9ECA1DBA9B}.Ad-Hoc|iPhone.ActiveCfg = Release|Any CPU
		{FE27C000-633B-449F-9868-4F9ECA1DBA9B}.Ad-Hoc|iPhone.Build.0 = Release|Any CPU
		{FE27C000-633B-449F-9868-4F9ECA1DBA9B}.Ad-Hoc|iPhone.Deploy.0 = Release|Any CPU
		{FE27C000-633B-449F-9868-4F9ECA1DBA9B}.Ad-Hoc|iPhoneSimulator.ActiveCfg = Release|Any CPU
		{FE27C000-633B-449F-9868-4F9ECA1DBA9B}.Ad-Hoc|iPhoneSimulator.Build.0 = Release|Any CPU
		{FE27C000-633B-449F-9868-4F9ECA1DBA9B}.Ad-Hoc|iPhoneSimulator.Deploy.0 = Release|Any CPU
		{FE27C000-633B-449F-9868-4F9ECA1DBA9B}.AppStore|Any CPU.ActiveCfg = Release|Any CPU
		{FE27C000-633B-449F-9868-4F9ECA1DBA9B}.AppStore|Any CPU.Build.0 = Release|Any CPU
		{FE27C000-633B-449F-9868-4F9ECA1DBA9B}.AppStore|Any CPU.Deploy.0 = Release|Any CPU
		{FE27C000-633B-449F-9868-4F9ECA1DBA9B}.AppStore|iPhone.ActiveCfg = Release|Any CPU
		{FE27C000-633B-449F-9868-4F9ECA1DBA9B}.AppStore|iPhone.Build.0 = Release|Any CPU
		{FE27C000-633B-449F-9868-4F9ECA1DBA9B}.AppStore|iPhone.Deploy.0 = Release|Any CPU
		{FE27C000-633B-449F-9868-4F9ECA1DBA9B}.AppStore|iPhoneSimulator.ActiveCfg = Release|Any CPU
		{FE27C000-633B-449F-9868-4F9ECA1DBA9B}.AppStore|iPhoneSimulator.Build.0 = Release|Any CPU
		{FE27C000-633B-449F-9868-4F9ECA1DBA9B}.AppStore|iPhoneSimulator.Deploy.0 = Release|Any CPU
		{FE27C000-633B-449F-9868-4F9ECA1DBA9B}.Debug|Any CPU.ActiveCfg = Debug|Any CPU
		{FE27C000-633B-449F-9868-4F9ECA1DBA9B}.Debug|Any CPU.Build.0 = Debug|Any CPU
		{FE27C000-633B-449F-9868-4F9ECA1DBA9B}.Debug|Any CPU.Deploy.0 = Debug|Any CPU
		{FE27C000-633B-449F-9868-4F9ECA1DBA9B}.Debug|iPhone.ActiveCfg = Debug|Any CPU
		{FE27C000-633B-449F-9868-4F9ECA1DBA9B}.Debug|iPhone.Build.0 = Debug|Any CPU
		{FE27C000-633B-449F-9868-4F9ECA1DBA9B}.Debug|iPhone.Deploy.0 = Debug|Any CPU
		{FE27C000-633B-449F-9868-4F9ECA1DBA9B}.Debug|iPhoneSimulator.ActiveCfg = Debug|Any CPU
		{FE27C000-633B-449F-9868-4F9ECA1DBA9B}.Debug|iPhoneSimulator.Build.0 = Debug|Any CPU
		{FE27C000-633B-449F-9868-4F9ECA1DBA9B}.Debug|iPhoneSimulator.Deploy.0 = Debug|Any CPU
		{FE27C000-633B-449F-9868-4F9ECA1DBA9B}.Release|Any CPU.ActiveCfg = Release|Any CPU
		{FE27C000-633B-449F-9868-4F9ECA1DBA9B}.Release|Any CPU.Build.0 = Release|Any CPU
		{FE27C000-633B-449F-9868-4F9ECA1DBA9B}.Release|Any CPU.Deploy.0 = Release|Any CPU
		{FE27C000-633B-449F-9868-4F9ECA1DBA9B}.Release|iPhone.ActiveCfg = Release|Any CPU
		{FE27C000-633B-449F-9868-4F9ECA1DBA9B}.Release|iPhone.Build.0 = Release|Any CPU
		{FE27C000-633B-449F-9868-4F9ECA1DBA9B}.Release|iPhone.Deploy.0 = Release|Any CPU
		{FE27C000-633B-449F-9868-4F9ECA1DBA9B}.Release|iPhoneSimulator.ActiveCfg = Release|Any CPU
		{FE27C000-633B-449F-9868-4F9ECA1DBA9B}.Release|iPhoneSimulator.Build.0 = Release|Any CPU
		{FE27C000-633B-449F-9868-4F9ECA1DBA9B}.Release|iPhoneSimulator.Deploy.0 = Release|Any CPU
		{792CAE95-F47E-40ED-BCAB-3D9A35D0BA10}.Ad-Hoc|Any CPU.ActiveCfg = Ad-Hoc|iPhone
		{792CAE95-F47E-40ED-BCAB-3D9A35D0BA10}.Ad-Hoc|iPhone.ActiveCfg = Ad-Hoc|iPhone
		{792CAE95-F47E-40ED-BCAB-3D9A35D0BA10}.Ad-Hoc|iPhone.Build.0 = Ad-Hoc|iPhone
		{792CAE95-F47E-40ED-BCAB-3D9A35D0BA10}.Ad-Hoc|iPhoneSimulator.ActiveCfg = Ad-Hoc|iPhoneSimulator
		{792CAE95-F47E-40ED-BCAB-3D9A35D0BA10}.Ad-Hoc|iPhoneSimulator.Build.0 = Ad-Hoc|iPhoneSimulator
		{792CAE95-F47E-40ED-BCAB-3D9A35D0BA10}.AppStore|Any CPU.ActiveCfg = AppStore|iPhone
		{792CAE95-F47E-40ED-BCAB-3D9A35D0BA10}.AppStore|iPhone.ActiveCfg = AppStore|iPhone
		{792CAE95-F47E-40ED-BCAB-3D9A35D0BA10}.AppStore|iPhone.Build.0 = AppStore|iPhone
		{792CAE95-F47E-40ED-BCAB-3D9A35D0BA10}.AppStore|iPhoneSimulator.ActiveCfg = AppStore|iPhoneSimulator
		{792CAE95-F47E-40ED-BCAB-3D9A35D0BA10}.AppStore|iPhoneSimulator.Build.0 = AppStore|iPhoneSimulator
		{792CAE95-F47E-40ED-BCAB-3D9A35D0BA10}.Debug|Any CPU.ActiveCfg = Debug|iPhone
		{792CAE95-F47E-40ED-BCAB-3D9A35D0BA10}.Debug|iPhone.ActiveCfg = Debug|iPhone
		{792CAE95-F47E-40ED-BCAB-3D9A35D0BA10}.Debug|iPhone.Build.0 = Debug|iPhone
		{792CAE95-F47E-40ED-BCAB-3D9A35D0BA10}.Debug|iPhoneSimulator.ActiveCfg = Debug|iPhoneSimulator
		{792CAE95-F47E-40ED-BCAB-3D9A35D0BA10}.Debug|iPhoneSimulator.Build.0 = Debug|iPhoneSimulator
		{792CAE95-F47E-40ED-BCAB-3D9A35D0BA10}.Release|Any CPU.ActiveCfg = Release|iPhone
		{792CAE95-F47E-40ED-BCAB-3D9A35D0BA10}.Release|iPhone.ActiveCfg = Release|iPhone
		{792CAE95-F47E-40ED-BCAB-3D9A35D0BA10}.Release|iPhone.Build.0 = Release|iPhone
		{792CAE95-F47E-40ED-BCAB-3D9A35D0BA10}.Release|iPhoneSimulator.ActiveCfg = Release|iPhoneSimulator
		{792CAE95-F47E-40ED-BCAB-3D9A35D0BA10}.Release|iPhoneSimulator.Build.0 = Release|iPhoneSimulator
	EndGlobalSection
	GlobalSection(SolutionProperties) = preSolution
		HideSolutionNode = FALSE
	EndGlobalSection
	GlobalSection(ExtensibilityGlobals) = postSolution
		SolutionGuid = {D9C8608A-2738-449F-8797-3E9D83088725}
	EndGlobalSection
EndGlobal
